
Microsoft Visual Studio Solution File, Format Version 12.00
# Visual Studio 15
VisualStudioVersion = 15.0.28307.489
MinimumVisualStudioVersion = 10.0.40219.1
Project("{FAE04EC0-301F-11D3-BF4B-00C04F79EFBC}") = "Hackathon2020Studiekeuze", "Hackathon2020Studiekeuze\Hackathon2020Studiekeuze.csproj", "{C39A9A34-ECE5-466C-8539-AE828D83C476}"
EndProject
Global
	GlobalSection(SolutionConfigurationPlatforms) = preSolution
		Debug|Any CPU = Debug|Any CPU
		Release|Any CPU = Release|Any CPU
	EndGlobalSection
	GlobalSection(ProjectConfigurationPlatforms) = postSolution
		{C39A9A34-ECE5-466C-8539-AE828D83C476}.Debug|Any CPU.ActiveCfg = Debug|Any CPU
		{C39A9A34-ECE5-466C-8539-AE828D83C476}.Debug|Any CPU.Build.0 = Debug|Any CPU
		{C39A9A34-ECE5-466C-8539-AE828D83C476}.Release|Any CPU.ActiveCfg = Release|Any CPU
		{C39A9A34-ECE5-466C-8539-AE828D83C476}.Release|Any CPU.Build.0 = Release|Any CPU
	EndGlobalSection
	GlobalSection(SolutionProperties) = preSolution
		HideSolutionNode = FALSE
	EndGlobalSection
	GlobalSection(ExtensibilityGlobals) = postSolution
		SolutionGuid = {A7E057FC-2CE4-4297-B846-6F8694D4755D}
	EndGlobalSection
EndGlobal
